
Microsoft Visual Studio Solution File, Format Version 12.00
# Visual Studio 15
VisualStudioVersion = 15.0.27428.2043
MinimumVisualStudioVersion = 10.0.40219.1
Project("{FAE04EC0-301F-11D3-BF4B-00C04F79EFBC}") = "EazyCart", "EazyCart\EazyCart.csproj", "{C182FA26-9D5D-4416-A6BA-2E26460FE8ED}"
EndProject
Project("{FAE04EC0-301F-11D3-BF4B-00C04F79EFBC}") = "Data", "Data\Data.csproj", "{D554A775-F697-4E06-B1D1-7A30EFA99014}"
EndProject
Project("{FAE04EC0-301F-11D3-BF4B-00C04F79EFBC}") = "Business", "Business\Business.csproj", "{2D789DD1-0999-4986-96E7-80F1D060191D}"
EndProject
Project("{FAE04EC0-301F-11D3-BF4B-00C04F79EFBC}") = "EazyCartUnitTests", "EazyCartUnitTests\EazyCartUnitTests.csproj", "{670C4A61-0611-4145-AF06-DF7DEAD0DEAA}"
EndProject
Global
	GlobalSection(SolutionConfigurationPlatforms) = preSolution
		Debug|Any CPU = Debug|Any CPU
		Release|Any CPU = Release|Any CPU
	EndGlobalSection
	GlobalSection(ProjectConfigurationPlatforms) = postSolution
		{C182FA26-9D5D-4416-A6BA-2E26460FE8ED}.Debug|Any CPU.ActiveCfg = Debug|Any CPU
		{C182FA26-9D5D-4416-A6BA-2E26460FE8ED}.Debug|Any CPU.Build.0 = Debug|Any CPU
		{C182FA26-9D5D-4416-A6BA-2E26460FE8ED}.Release|Any CPU.ActiveCfg = Release|Any CPU
		{C182FA26-9D5D-4416-A6BA-2E26460FE8ED}.Release|Any CPU.Build.0 = Release|Any CPU
		{D554A775-F697-4E06-B1D1-7A30EFA99014}.Debug|Any CPU.ActiveCfg = Debug|Any CPU
		{D554A775-F697-4E06-B1D1-7A30EFA99014}.Debug|Any CPU.Build.0 = Debug|Any CPU
		{D554A775-F697-4E06-B1D1-7A30EFA99014}.Release|Any CPU.ActiveCfg = Release|Any CPU
		{D554A775-F697-4E06-B1D1-7A30EFA99014}.Release|Any CPU.Build.0 = Release|Any CPU
		{2D789DD1-0999-4986-96E7-80F1D060191D}.Debug|Any CPU.ActiveCfg = Debug|Any CPU
		{2D789DD1-0999-4986-96E7-80F1D060191D}.Debug|Any CPU.Build.0 = Debug|Any CPU
		{2D789DD1-0999-4986-96E7-80F1D060191D}.Release|Any CPU.ActiveCfg = Release|Any CPU
		{2D789DD1-0999-4986-96E7-80F1D060191D}.Release|Any CPU.Build.0 = Release|Any CPU
		{670C4A61-0611-4145-AF06-DF7DEAD0DEAA}.Debug|Any CPU.ActiveCfg = Debug|Any CPU
		{670C4A61-0611-4145-AF06-DF7DEAD0DEAA}.Debug|Any CPU.Build.0 = Debug|Any CPU
		{670C4A61-0611-4145-AF06-DF7DEAD0DEAA}.Release|Any CPU.ActiveCfg = Release|Any CPU
		{670C4A61-0611-4145-AF06-DF7DEAD0DEAA}.Release|Any CPU.Build.0 = Release|Any CPU
	EndGlobalSection
	GlobalSection(SolutionProperties) = preSolution
		HideSolutionNode = FALSE
	EndGlobalSection
	GlobalSection(ExtensibilityGlobals) = postSolution
		SolutionGuid = {2000525E-B02D-4883-8292-AB40BCC5F5E8}
	EndGlobalSection
EndGlobal
